
Microsoft Visual Studio Solution File, Format Version 11.00
# Visual Studio 2010
Project("{FAE04EC0-301F-11D3-BF4B-00C04F79EFBC}") = "Assembly-CSharp", "Assembly-CSharp.csproj", "{9d75344e-3b32-9f47-c9ad-96a36d3b53dd}"
EndProject
Project("{FAE04EC0-301F-11D3-BF4B-00C04F79EFBC}") = "Assembly-CSharp-firstpass", "Assembly-CSharp-firstpass.csproj", "{a5762011-c3cc-11f9-8e6a-483257d67690}"
EndProject
Project("{FAE04EC0-301F-11D3-BF4B-00C04F79EFBC}") = "Assembly-CSharp-Editor", "Assembly-CSharp-Editor.csproj", "{724ffd10-1593-4b9e-c9b2-f24fd210373c}"
EndProject
Global
	GlobalSection(SolutionConfigurationPlatforms) = preSolution
		Debug|Any CPU = Debug|Any CPU
	EndGlobalSection
	GlobalSection(ProjectConfigurationPlatforms) = postSolution
		{9d75344e-3b32-9f47-c9ad-96a36d3b53dd}.Debug|Any CPU.ActiveCfg = Debug|Any CPU
		{9d75344e-3b32-9f47-c9ad-96a36d3b53dd}.Debug|Any CPU.Build.0 = Debug|Any CPU
		{a5762011-c3cc-11f9-8e6a-483257d67690}.Debug|Any CPU.ActiveCfg = Debug|Any CPU
		{a5762011-c3cc-11f9-8e6a-483257d67690}.Debug|Any CPU.Build.0 = Debug|Any CPU
		{724ffd10-1593-4b9e-c9b2-f24fd210373c}.Debug|Any CPU.ActiveCfg = Debug|Any CPU
		{724ffd10-1593-4b9e-c9b2-f24fd210373c}.Debug|Any CPU.Build.0 = Debug|Any CPU
	EndGlobalSection
	GlobalSection(SolutionProperties) = preSolution
		HideSolutionNode = FALSE
	EndGlobalSection
EndGlobal
