
Microsoft Visual Studio Solution File, Format Version 11.00
# Visual Studio 2010
Project("{FAE04EC0-301F-11D3-BF4B-00C04F79EFBC}") = "FH", "Assembly-CSharp-firstpass.csproj", "{112076A5-CCC3-F911-8E6A-483257D67690}"
EndProject
Project("{FAE04EC0-301F-11D3-BF4B-00C04F79EFBC}") = "FH", "Assembly-CSharp.csproj", "{4E34759D-323B-479F-C9AD-96A36D3B53DD}"
EndProject
Project("{FAE04EC0-301F-11D3-BF4B-00C04F79EFBC}") = "FH", "Assembly-CSharp-Editor-firstpass.csproj", "{DE1EDE2A-DD03-556A-43EA-2FA884813EF6}"
EndProject
Project("{FAE04EC0-301F-11D3-BF4B-00C04F79EFBC}") = "FH", "Assembly-CSharp-Editor.csproj", "{10FD4F72-9315-9E4B-C9B2-F24FD210373C}"
EndProject
Global
	GlobalSection(SolutionConfigurationPlatforms) = preSolution
		Debug|Any CPU = Debug|Any CPU
		Release|Any CPU = Release|Any CPU
	EndGlobalSection
	GlobalSection(ProjectConfigurationPlatforms) = postSolution
		{112076A5-CCC3-F911-8E6A-483257D67690}.Debug|Any CPU.ActiveCfg = Debug|Any CPU
		{112076A5-CCC3-F911-8E6A-483257D67690}.Debug|Any CPU.Build.0 = Debug|Any CPU
		{112076A5-CCC3-F911-8E6A-483257D67690}.Release|Any CPU.ActiveCfg = Release|Any CPU
		{112076A5-CCC3-F911-8E6A-483257D67690}.Release|Any CPU.Build.0 = Release|Any CPU
		{4E34759D-323B-479F-C9AD-96A36D3B53DD}.Debug|Any CPU.ActiveCfg = Debug|Any CPU
		{4E34759D-323B-479F-C9AD-96A36D3B53DD}.Debug|Any CPU.Build.0 = Debug|Any CPU
		{4E34759D-323B-479F-C9AD-96A36D3B53DD}.Release|Any CPU.ActiveCfg = Release|Any CPU
		{4E34759D-323B-479F-C9AD-96A36D3B53DD}.Release|Any CPU.Build.0 = Release|Any CPU
		{DE1EDE2A-DD03-556A-43EA-2FA884813EF6}.Debug|Any CPU.ActiveCfg = Debug|Any CPU
		{DE1EDE2A-DD03-556A-43EA-2FA884813EF6}.Debug|Any CPU.Build.0 = Debug|Any CPU
		{DE1EDE2A-DD03-556A-43EA-2FA884813EF6}.Release|Any CPU.ActiveCfg = Release|Any CPU
		{DE1EDE2A-DD03-556A-43EA-2FA884813EF6}.Release|Any CPU.Build.0 = Release|Any CPU
		{10FD4F72-9315-9E4B-C9B2-F24FD210373C}.Debug|Any CPU.ActiveCfg = Debug|Any CPU
		{10FD4F72-9315-9E4B-C9B2-F24FD210373C}.Debug|Any CPU.Build.0 = Debug|Any CPU
		{10FD4F72-9315-9E4B-C9B2-F24FD210373C}.Release|Any CPU.ActiveCfg = Release|Any CPU
		{10FD4F72-9315-9E4B-C9B2-F24FD210373C}.Release|Any CPU.Build.0 = Release|Any CPU
	EndGlobalSection
	GlobalSection(SolutionProperties) = preSolution
		HideSolutionNode = FALSE
	EndGlobalSection
	GlobalSection(MonoDevelopProperties) = preSolution
		StartupItem = Assembly-CSharp.csproj
	EndGlobalSection
EndGlobal
